
Microsoft Visual Studio Solution File, Format Version 12.00
# Visual Studio Version 16
VisualStudioVersion = 16.0.32126.315
MinimumVisualStudioVersion = 10.0.40219.1
Project("{FAE04EC0-301F-11D3-BF4B-00C04F79EFBC}") = "PController", "PController.csproj", "{A6C32984-C417-4251-8141-F1EA1C2FB8AB}"
EndProject
Global
	GlobalSection(SolutionConfigurationPlatforms) = preSolution
		Debug|Any CPU = Debug|Any CPU
		Release|Any CPU = Release|Any CPU
	EndGlobalSection
	GlobalSection(ProjectConfigurationPlatforms) = postSolution
		{A6C32984-C417-4251-8141-F1EA1C2FB8AB}.Debug|Any CPU.ActiveCfg = Debug|Any CPU
		{A6C32984-C417-4251-8141-F1EA1C2FB8AB}.Debug|Any CPU.Build.0 = Debug|Any CPU
		{A6C32984-C417-4251-8141-F1EA1C2FB8AB}.Release|Any CPU.ActiveCfg = Release|Any CPU
		{A6C32984-C417-4251-8141-F1EA1C2FB8AB}.Release|Any CPU.Build.0 = Release|Any CPU
	EndGlobalSection
	GlobalSection(SolutionProperties) = preSolution
		HideSolutionNode = FALSE
	EndGlobalSection
	GlobalSection(ExtensibilityGlobals) = postSolution
		SolutionGuid = {948B960E-DBE9-40BC-A2B3-2A43BC1FB535}
	EndGlobalSection
EndGlobal
